// !$*UTF8*$!
{
	archiveVersion = 1;
	classes = {
	};
	objectVersion = 46;
	objects = {

/* Begin PBXBuildFile section */
		BD3DEF15181C19A6002EE040 /* MapKit.framework in Frameworks */ = {isa = PBXBuildFile; fileRef = BD3DEF14181C19A6002EE040 /* MapKit.framework */; };
		BD3DEF17181C1A02002EE040 /* CoreData.framework in Frameworks */ = {isa = PBXBuildFile; fileRef = BD3DEF16181C1A02002EE040 /* CoreData.framework */; };
		BD3DEF1C181C1AE5002EE040 /* CFNetwork.framework in Frameworks */ = {isa = PBXBuildFile; fileRef = BD3DEF1B181C1AE5002EE040 /* CFNetwork.framework */; };
		BD3DEF1E181C1AED002EE040 /* Security.framework in Frameworks */ = {isa = PBXBuildFile; fileRef = BD3DEF1D181C1AED002EE040 /* Security.framework */; };
		BD3DEF20181C1AF5002EE040 /* MobileCoreServices.framework in Frameworks */ = {isa = PBXBuildFile; fileRef = BD3DEF1F181C1AF5002EE040 /* MobileCoreServices.framework */; };
		BD9ABAEC181C217300C712CA /* DoctorPush.xcdatamodeld in Sources */ = {isa = PBXBuildFile; fileRef = BD9ABAEA181C217300C712CA /* DoctorPush.xcdatamodeld */; };
		BD9ABAEF181C246B00C712CA /* User.m in Sources */ = {isa = PBXBuildFile; fileRef = BD9ABAEE181C246B00C712CA /* User.m */; };
		BD9ABAF2181C246C00C712CA /* Appointment.m in Sources */ = {isa = PBXBuildFile; fileRef = BD9ABAF1181C246C00C712CA /* Appointment.m */; };
		BD9ABAF6181C2B5900C712CA /* CoreTelephony.framework in Frameworks */ = {isa = PBXBuildFile; fileRef = BD9ABAF5181C2B5800C712CA /* CoreTelephony.framework */; };
		BD9ABAF9181C2BCC00C712CA /* Helper.m in Sources */ = {isa = PBXBuildFile; fileRef = BD9ABAF8181C2BCC00C712CA /* Helper.m */; };
		BDE75D13181C2E7C00E2E9EF /* SystemConfiguration.framework in Frameworks */ = {isa = PBXBuildFile; fileRef = BDE75D12181C2E7C00E2E9EF /* SystemConfiguration.framework */; };
		BDE75D18181C2EAF00E2E9EF /* libxml2.2.dylib in Frameworks */ = {isa = PBXBuildFile; fileRef = BDE75D17181C2EAF00E2E9EF /* libxml2.2.dylib */; };
		BDE75D1F181C33BB00E2E9EF /* libRestKit.a in Frameworks */ = {isa = PBXBuildFile; fileRef = BD9ABAE1181C206700C712CA /* libRestKit.a */; };
		BDE75D2E181C57EB00E2E9EF /* AppointmentCell.m in Sources */ = {isa = PBXBuildFile; fileRef = BDE75D2C181C57EB00E2E9EF /* AppointmentCell.m */; };
		BDE75D2F181C57EB00E2E9EF /* AppointmentCell.xib in Resources */ = {isa = PBXBuildFile; fileRef = BDE75D2D181C57EB00E2E9EF /* AppointmentCell.xib */; };
		BDE75D34181C5A8600E2E9EF /* AppointmentDetails.m in Sources */ = {isa = PBXBuildFile; fileRef = BDE75D33181C5A8600E2E9EF /* AppointmentDetails.m */; };
		BDE75D37181C603500E2E9EF /* UCDLocationManager.m in Sources */ = {isa = PBXBuildFile; fileRef = BDE75D36181C603500E2E9EF /* UCDLocationManager.m */; };
		BDE75D44181C60D600E2E9EF /* BSAddressComponent.m in Sources */ = {isa = PBXBuildFile; fileRef = BDE75D3D181C60D600E2E9EF /* BSAddressComponent.m */; settings = {COMPILER_FLAGS = "-fno-objc-arc"; }; };
		BDE75D45181C60D600E2E9EF /* BSForwardGeocoder.m in Sources */ = {isa = PBXBuildFile; fileRef = BDE75D3F181C60D600E2E9EF /* BSForwardGeocoder.m */; settings = {COMPILER_FLAGS = "-fno-objc-arc"; }; };
		BDE75D46181C60D600E2E9EF /* BSGoogleV3KmlParser.m in Sources */ = {isa = PBXBuildFile; fileRef = BDE75D41181C60D600E2E9EF /* BSGoogleV3KmlParser.m */; settings = {COMPILER_FLAGS = "-fno-objc-arc"; }; };
		BDE75D47181C60D600E2E9EF /* BSKmlResult.m in Sources */ = {isa = PBXBuildFile; fileRef = BDE75D43181C60D600E2E9EF /* BSKmlResult.m */; settings = {COMPILER_FLAGS = "-fno-objc-arc"; }; };
		BDE75D4A181C611B00E2E9EF /* CDCustomLocationManager.m in Sources */ = {isa = PBXBuildFile; fileRef = BDE75D49181C611B00E2E9EF /* CDCustomLocationManager.m */; };
		BDE75D4C181C669C00E2E9EF /* CoreLocation.framework in Frameworks */ = {isa = PBXBuildFile; fileRef = BDE75D4B181C669C00E2E9EF /* CoreLocation.framework */; };
		BDE75D54181C822C00E2E9EF /* Medic.m in Sources */ = {isa = PBXBuildFile; fileRef = BDE75D53181C822C00E2E9EF /* Medic.m */; };
		BDE75D57181C848900E2E9EF /* Patient.m in Sources */ = {isa = PBXBuildFile; fileRef = BDE75D56181C848900E2E9EF /* Patient.m */; };
		BDE75D62181C8A1600E2E9EF /* ProgressHUD.bundle in Resources */ = {isa = PBXBuildFile; fileRef = BDE75D5F181C8A1600E2E9EF /* ProgressHUD.bundle */; };
		BDE75D63181C8A1600E2E9EF /* ProgressHUD.m in Sources */ = {isa = PBXBuildFile; fileRef = BDE75D61181C8A1600E2E9EF /* ProgressHUD.m */; };
		BDE75D67181C9C0000E2E9EF /* FXBlurView.m in Sources */ = {isa = PBXBuildFile; fileRef = BDE75D66181C9C0000E2E9EF /* FXBlurView.m */; };
		BDE75D6A181CA0C600E2E9EF /* AppointmentSettings.m in Sources */ = {isa = PBXBuildFile; fileRef = BDE75D69181CA0C600E2E9EF /* AppointmentSettings.m */; };
		BDE75D6E181CB44D00E2E9EF /* TimerVC.m in Sources */ = {isa = PBXBuildFile; fileRef = BDE75D6C181CB44D00E2E9EF /* TimerVC.m */; };
		BDE75D6F181CB44D00E2E9EF /* TimerVC.xib in Resources */ = {isa = PBXBuildFile; fileRef = BDE75D6D181CB44D00E2E9EF /* TimerVC.xib */; };
		BDE75D71181CCF2D00E2E9EF /* AppointmentCellNext.xib in Resources */ = {isa = PBXBuildFile; fileRef = BDE75D70181CCF2D00E2E9EF /* AppointmentCellNext.xib */; };
		BDE75D73181CD9BD00E2E9EF /* Icon@2x.png in Resources */ = {isa = PBXBuildFile; fileRef = BDE75D72181CD9BD00E2E9EF /* Icon@2x.png */; };
		BDE75D76181CDBFF00E2E9EF /* HistoryItem.m in Sources */ = {isa = PBXBuildFile; fileRef = BDE75D75181CDBFF00E2E9EF /* HistoryItem.m */; };
		BDE75D79181CDDC400E2E9EF /* HistoryParameters.m in Sources */ = {isa = PBXBuildFile; fileRef = BDE75D78181CDDC400E2E9EF /* HistoryParameters.m */; };
		BDE75D7C181CDFEC00E2E9EF /* HistoryList.m in Sources */ = {isa = PBXBuildFile; fileRef = BDE75D7B181CDFEC00E2E9EF /* HistoryList.m */; };
		BDE75D7F181CE02B00E2E9EF /* HistoryTableCell.m in Sources */ = {isa = PBXBuildFile; fileRef = BDE75D7E181CE02B00E2E9EF /* HistoryTableCell.m */; };
		BDE9F6D6181BFBF600CD5DF5 /* Foundation.framework in Frameworks */ = {isa = PBXBuildFile; fileRef = BDE9F6D5181BFBF600CD5DF5 /* Foundation.framework */; };
		BDE9F6D8181BFBF600CD5DF5 /* CoreGraphics.framework in Frameworks */ = {isa = PBXBuildFile; fileRef = BDE9F6D7181BFBF600CD5DF5 /* CoreGraphics.framework */; };
		BDE9F6DA181BFBF600CD5DF5 /* UIKit.framework in Frameworks */ = {isa = PBXBuildFile; fileRef = BDE9F6D9181BFBF600CD5DF5 /* UIKit.framework */; };
		BDE9F6E0181BFBF600CD5DF5 /* InfoPlist.strings in Resources */ = {isa = PBXBuildFile; fileRef = BDE9F6DE181BFBF600CD5DF5 /* InfoPlist.strings */; };
		BDE9F6E2181BFBF600CD5DF5 /* main.m in Sources */ = {isa = PBXBuildFile; fileRef = BDE9F6E1181BFBF600CD5DF5 /* main.m */; };
		BDE9F6E6181BFBF600CD5DF5 /* AppDelegate.m in Sources */ = {isa = PBXBuildFile; fileRef = BDE9F6E5181BFBF600CD5DF5 /* AppDelegate.m */; };
		BDE9F6E9181BFBF600CD5DF5 /* Main_iPhone.storyboard in Resources */ = {isa = PBXBuildFile; fileRef = BDE9F6E7181BFBF600CD5DF5 /* Main_iPhone.storyboard */; };
		BDE9F6EC181BFBF600CD5DF5 /* Main_iPad.storyboard in Resources */ = {isa = PBXBuildFile; fileRef = BDE9F6EA181BFBF600CD5DF5 /* Main_iPad.storyboard */; };
		BDE9F6EF181BFBF600CD5DF5 /* AppointmentsList.m in Sources */ = {isa = PBXBuildFile; fileRef = BDE9F6EE181BFBF600CD5DF5 /* AppointmentsList.m */; };
		BDE9F6F4181BFBF600CD5DF5 /* Images.xcassets in Resources */ = {isa = PBXBuildFile; fileRef = BDE9F6F3181BFBF600CD5DF5 /* Images.xcassets */; };
		BDE9F6FB181BFBF600CD5DF5 /* XCTest.framework in Frameworks */ = {isa = PBXBuildFile; fileRef = BDE9F6FA181BFBF600CD5DF5 /* XCTest.framework */; };
		BDE9F6FC181BFBF600CD5DF5 /* Foundation.framework in Frameworks */ = {isa = PBXBuildFile; fileRef = BDE9F6D5181BFBF600CD5DF5 /* Foundation.framework */; };
		BDE9F6FD181BFBF600CD5DF5 /* UIKit.framework in Frameworks */ = {isa = PBXBuildFile; fileRef = BDE9F6D9181BFBF600CD5DF5 /* UIKit.framework */; };
		BDE9F705181BFBF600CD5DF5 /* InfoPlist.strings in Resources */ = {isa = PBXBuildFile; fileRef = BDE9F703181BFBF600CD5DF5 /* InfoPlist.strings */; };
		BDE9F707181BFBF600CD5DF5 /* DoctorPushTests.m in Sources */ = {isa = PBXBuildFile; fileRef = BDE9F706181BFBF600CD5DF5 /* DoctorPushTests.m */; };
/* End PBXBuildFile section */

/* Begin PBXContainerItemProxy section */
		BD9ABAE0181C206700C712CA /* PBXContainerItemProxy */ = {
			isa = PBXContainerItemProxy;
			containerPortal = BD9ABAD9181C206700C712CA /* RestKit.xcodeproj */;
			proxyType = 2;
			remoteGlobalIDString = 25160D1614564E810060A5C5;
			remoteInfo = RestKit;
		};
		BD9ABAE2181C206700C712CA /* PBXContainerItemProxy */ = {
			isa = PBXContainerItemProxy;
			containerPortal = BD9ABAD9181C206700C712CA /* RestKit.xcodeproj */;
			proxyType = 2;
			remoteGlobalIDString = 25160D2614564E820060A5C5;
			remoteInfo = RestKitTests;
		};
		BD9ABAE4181C206700C712CA /* PBXContainerItemProxy */ = {
			isa = PBXContainerItemProxy;
			containerPortal = BD9ABAD9181C206700C712CA /* RestKit.xcodeproj */;
			proxyType = 2;
			remoteGlobalIDString = 25160E62145651060060A5C5;
			remoteInfo = RestKitFramework;
		};
		BD9ABAE6181C206700C712CA /* PBXContainerItemProxy */ = {
			isa = PBXContainerItemProxy;
			containerPortal = BD9ABAD9181C206700C712CA /* RestKit.xcodeproj */;
			proxyType = 2;
			remoteGlobalIDString = 25160E78145651060060A5C5;
			remoteInfo = RestKitFrameworkTests;
		};
		BDE9F6FE181BFBF600CD5DF5 /* PBXContainerItemProxy */ = {
			isa = PBXContainerItemProxy;
			containerPortal = BDE9F6CA181BFBF600CD5DF5 /* Project object */;
			proxyType = 1;
			remoteGlobalIDString = BDE9F6D1181BFBF600CD5DF5;
			remoteInfo = DoctorPush;
		};
/* End PBXContainerItemProxy section */

/* Begin PBXFileReference section */
		BD3DEF14181C19A6002EE040 /* MapKit.framework */ = {isa = PBXFileReference; lastKnownFileType = wrapper.framework; name = MapKit.framework; path = System/Library/Frameworks/MapKit.framework; sourceTree = SDKROOT; };
		BD3DEF16181C1A02002EE040 /* CoreData.framework */ = {isa = PBXFileReference; lastKnownFileType = wrapper.framework; name = CoreData.framework; path = System/Library/Frameworks/CoreData.framework; sourceTree = SDKROOT; };
		BD3DEF1B181C1AE5002EE040 /* CFNetwork.framework */ = {isa = PBXFileReference; lastKnownFileType = wrapper.framework; name = CFNetwork.framework; path = System/Library/Frameworks/CFNetwork.framework; sourceTree = SDKROOT; };
		BD3DEF1D181C1AED002EE040 /* Security.framework */ = {isa = PBXFileReference; lastKnownFileType = wrapper.framework; name = Security.framework; path = System/Library/Frameworks/Security.framework; sourceTree = SDKROOT; };
		BD3DEF1F181C1AF5002EE040 /* MobileCoreServices.framework */ = {isa = PBXFileReference; lastKnownFileType = wrapper.framework; name = MobileCoreServices.framework; path = System/Library/Frameworks/MobileCoreServices.framework; sourceTree = SDKROOT; };
		BD9ABAD9181C206700C712CA /* RestKit.xcodeproj */ = {isa = PBXFileReference; lastKnownFileType = "wrapper.pb-project"; name = RestKit.xcodeproj; path = DoctorPush/Libs/RestKit/RestKit.xcodeproj; sourceTree = "<group>"; };
		BD9ABAEB181C217300C712CA /* DoctorPush.xcdatamodel */ = {isa = PBXFileReference; lastKnownFileType = wrapper.xcdatamodel; path = DoctorPush.xcdatamodel; sourceTree = "<group>"; };
		BD9ABAED181C246B00C712CA /* User.h */ = {isa = PBXFileReference; fileEncoding = 4; lastKnownFileType = sourcecode.c.h; name = User.h; path = ../ManagedObjects/User.h; sourceTree = "<group>"; };
		BD9ABAEE181C246B00C712CA /* User.m */ = {isa = PBXFileReference; fileEncoding = 4; lastKnownFileType = sourcecode.c.objc; name = User.m; path = ../ManagedObjects/User.m; sourceTree = "<group>"; };
		BD9ABAF0181C246C00C712CA /* Appointment.h */ = {isa = PBXFileReference; fileEncoding = 4; lastKnownFileType = sourcecode.c.h; name = Appointment.h; path = ../ManagedObjects/Appointment.h; sourceTree = "<group>"; };
		BD9ABAF1181C246C00C712CA /* Appointment.m */ = {isa = PBXFileReference; fileEncoding = 4; lastKnownFileType = sourcecode.c.objc; name = Appointment.m; path = ../ManagedObjects/Appointment.m; sourceTree = "<group>"; };
		BD9ABAF5181C2B5800C712CA /* CoreTelephony.framework */ = {isa = PBXFileReference; lastKnownFileType = wrapper.framework; name = CoreTelephony.framework; path = System/Library/Frameworks/CoreTelephony.framework; sourceTree = SDKROOT; };
		BD9ABAF7181C2BCC00C712CA /* Helper.h */ = {isa = PBXFileReference; fileEncoding = 4; lastKnownFileType = sourcecode.c.h; path = Helper.h; sourceTree = "<group>"; };
		BD9ABAF8181C2BCC00C712CA /* Helper.m */ = {isa = PBXFileReference; fileEncoding = 4; lastKnownFileType = sourcecode.c.objc; path = Helper.m; sourceTree = "<group>"; };
		BDE75D12181C2E7C00E2E9EF /* SystemConfiguration.framework */ = {isa = PBXFileReference; lastKnownFileType = wrapper.framework; name = SystemConfiguration.framework; path = System/Library/Frameworks/SystemConfiguration.framework; sourceTree = SDKROOT; };
		BDE75D17181C2EAF00E2E9EF /* libxml2.2.dylib */ = {isa = PBXFileReference; lastKnownFileType = "compiled.mach-o.dylib"; name = libxml2.2.dylib; path = usr/lib/libxml2.2.dylib; sourceTree = SDKROOT; };
		BDE75D2B181C57EB00E2E9EF /* AppointmentCell.h */ = {isa = PBXFileReference; fileEncoding = 4; lastKnownFileType = sourcecode.c.h; path = AppointmentCell.h; sourceTree = "<group>"; };
		BDE75D2C181C57EB00E2E9EF /* AppointmentCell.m */ = {isa = PBXFileReference; fileEncoding = 4; lastKnownFileType = sourcecode.c.objc; path = AppointmentCell.m; sourceTree = "<group>"; };
		BDE75D2D181C57EB00E2E9EF /* AppointmentCell.xib */ = {isa = PBXFileReference; fileEncoding = 4; lastKnownFileType = file.xib; path = AppointmentCell.xib; sourceTree = "<group>"; };
		BDE75D32181C5A8600E2E9EF /* AppointmentDetails.h */ = {isa = PBXFileReference; fileEncoding = 4; lastKnownFileType = sourcecode.c.h; path = AppointmentDetails.h; sourceTree = "<group>"; };
		BDE75D33181C5A8600E2E9EF /* AppointmentDetails.m */ = {isa = PBXFileReference; fileEncoding = 4; lastKnownFileType = sourcecode.c.objc; path = AppointmentDetails.m; sourceTree = "<group>"; };
		BDE75D35181C603500E2E9EF /* UCDLocationManager.h */ = {isa = PBXFileReference; fileEncoding = 4; lastKnownFileType = sourcecode.c.h; path = UCDLocationManager.h; sourceTree = "<group>"; };
		BDE75D36181C603500E2E9EF /* UCDLocationManager.m */ = {isa = PBXFileReference; fileEncoding = 4; lastKnownFileType = sourcecode.c.objc; path = UCDLocationManager.m; sourceTree = "<group>"; };
		BDE75D3C181C60D600E2E9EF /* BSAddressComponent.h */ = {isa = PBXFileReference; fileEncoding = 4; lastKnownFileType = sourcecode.c.h; path = BSAddressComponent.h; sourceTree = "<group>"; };
		BDE75D3D181C60D600E2E9EF /* BSAddressComponent.m */ = {isa = PBXFileReference; fileEncoding = 4; lastKnownFileType = sourcecode.c.objc; path = BSAddressComponent.m; sourceTree = "<group>"; };
		BDE75D3E181C60D600E2E9EF /* BSForwardGeocoder.h */ = {isa = PBXFileReference; fileEncoding = 4; lastKnownFileType = sourcecode.c.h; path = BSForwardGeocoder.h; sourceTree = "<group>"; };
		BDE75D3F181C60D600E2E9EF /* BSForwardGeocoder.m */ = {isa = PBXFileReference; fileEncoding = 4; lastKnownFileType = sourcecode.c.objc; path = BSForwardGeocoder.m; sourceTree = "<group>"; };
		BDE75D40181C60D600E2E9EF /* BSGoogleV3KmlParser.h */ = {isa = PBXFileReference; fileEncoding = 4; lastKnownFileType = sourcecode.c.h; path = BSGoogleV3KmlParser.h; sourceTree = "<group>"; };
		BDE75D41181C60D600E2E9EF /* BSGoogleV3KmlParser.m */ = {isa = PBXFileReference; fileEncoding = 4; lastKnownFileType = sourcecode.c.objc; path = BSGoogleV3KmlParser.m; sourceTree = "<group>"; };
		BDE75D42181C60D600E2E9EF /* BSKmlResult.h */ = {isa = PBXFileReference; fileEncoding = 4; lastKnownFileType = sourcecode.c.h; path = BSKmlResult.h; sourceTree = "<group>"; };
		BDE75D43181C60D600E2E9EF /* BSKmlResult.m */ = {isa = PBXFileReference; fileEncoding = 4; lastKnownFileType = sourcecode.c.objc; path = BSKmlResult.m; sourceTree = "<group>"; };
		BDE75D48181C611B00E2E9EF /* CDCustomLocationManager.h */ = {isa = PBXFileReference; fileEncoding = 4; lastKnownFileType = sourcecode.c.h; path = CDCustomLocationManager.h; sourceTree = "<group>"; };
		BDE75D49181C611B00E2E9EF /* CDCustomLocationManager.m */ = {isa = PBXFileReference; fileEncoding = 4; lastKnownFileType = sourcecode.c.objc; path = CDCustomLocationManager.m; sourceTree = "<group>"; };
		BDE75D4B181C669C00E2E9EF /* CoreLocation.framework */ = {isa = PBXFileReference; lastKnownFileType = wrapper.framework; name = CoreLocation.framework; path = System/Library/Frameworks/CoreLocation.framework; sourceTree = SDKROOT; };
		BDE75D50181C6A7E00E2E9EF /* SynthesizeSingleton.h */ = {isa = PBXFileReference; fileEncoding = 4; lastKnownFileType = sourcecode.c.h; path = SynthesizeSingleton.h; sourceTree = "<group>"; };
		BDE75D52181C822C00E2E9EF /* Medic.h */ = {isa = PBXFileReference; fileEncoding = 4; lastKnownFileType = sourcecode.c.h; path = Medic.h; sourceTree = "<group>"; };
		BDE75D53181C822C00E2E9EF /* Medic.m */ = {isa = PBXFileReference; fileEncoding = 4; lastKnownFileType = sourcecode.c.objc; path = Medic.m; sourceTree = "<group>"; };
		BDE75D55181C848900E2E9EF /* Patient.h */ = {isa = PBXFileReference; fileEncoding = 4; lastKnownFileType = sourcecode.c.h; path = Patient.h; sourceTree = "<group>"; };
		BDE75D56181C848900E2E9EF /* Patient.m */ = {isa = PBXFileReference; fileEncoding = 4; lastKnownFileType = sourcecode.c.objc; path = Patient.m; sourceTree = "<group>"; };
		BDE75D5F181C8A1600E2E9EF /* ProgressHUD.bundle */ = {isa = PBXFileReference; lastKnownFileType = "wrapper.plug-in"; name = ProgressHUD.bundle; path = DoctorPush/Libs/ProgressHUD/ProgressHUD/ProgressHUD.bundle; sourceTree = "<group>"; };
		BDE75D60181C8A1600E2E9EF /* ProgressHUD.h */ = {isa = PBXFileReference; fileEncoding = 4; lastKnownFileType = sourcecode.c.h; name = ProgressHUD.h; path = DoctorPush/Libs/ProgressHUD/ProgressHUD/ProgressHUD.h; sourceTree = "<group>"; };
		BDE75D61181C8A1600E2E9EF /* ProgressHUD.m */ = {isa = PBXFileReference; fileEncoding = 4; lastKnownFileType = sourcecode.c.objc; name = ProgressHUD.m; path = DoctorPush/Libs/ProgressHUD/ProgressHUD/ProgressHUD.m; sourceTree = "<group>"; };
		BDE75D65181C9C0000E2E9EF /* FXBlurView.h */ = {isa = PBXFileReference; fileEncoding = 4; lastKnownFileType = sourcecode.c.h; name = FXBlurView.h; path = DoctorPush/Libs/FXBlurView/FXBlurView/FXBlurView.h; sourceTree = "<group>"; };
		BDE75D66181C9C0000E2E9EF /* FXBlurView.m */ = {isa = PBXFileReference; fileEncoding = 4; lastKnownFileType = sourcecode.c.objc; name = FXBlurView.m; path = DoctorPush/Libs/FXBlurView/FXBlurView/FXBlurView.m; sourceTree = "<group>"; };
		BDE75D68181CA0C600E2E9EF /* AppointmentSettings.h */ = {isa = PBXFileReference; fileEncoding = 4; lastKnownFileType = sourcecode.c.h; name = AppointmentSettings.h; path = ../AppointmentSettings.h; sourceTree = "<group>"; };
		BDE75D69181CA0C600E2E9EF /* AppointmentSettings.m */ = {isa = PBXFileReference; fileEncoding = 4; lastKnownFileType = sourcecode.c.objc; name = AppointmentSettings.m; path = ../AppointmentSettings.m; sourceTree = "<group>"; };
		BDE75D6B181CB44D00E2E9EF /* TimerVC.h */ = {isa = PBXFileReference; fileEncoding = 4; lastKnownFileType = sourcecode.c.h; path = TimerVC.h; sourceTree = "<group>"; };
		BDE75D6C181CB44D00E2E9EF /* TimerVC.m */ = {isa = PBXFileReference; fileEncoding = 4; lastKnownFileType = sourcecode.c.objc; path = TimerVC.m; sourceTree = "<group>"; };
		BDE75D6D181CB44D00E2E9EF /* TimerVC.xib */ = {isa = PBXFileReference; fileEncoding = 4; lastKnownFileType = file.xib; path = TimerVC.xib; sourceTree = "<group>"; };
		BDE75D70181CCF2D00E2E9EF /* AppointmentCellNext.xib */ = {isa = PBXFileReference; fileEncoding = 4; lastKnownFileType = file.xib; path = AppointmentCellNext.xib; sourceTree = "<group>"; };
		BDE75D72181CD9BD00E2E9EF /* Icon@2x.png */ = {isa = PBXFileReference; lastKnownFileType = image.png; path = "Icon@2x.png"; sourceTree = "<group>"; };
		BDE75D74181CDBFF00E2E9EF /* HistoryItem.h */ = {isa = PBXFileReference; fileEncoding = 4; lastKnownFileType = sourcecode.c.h; path = HistoryItem.h; sourceTree = "<group>"; };
		BDE75D75181CDBFF00E2E9EF /* HistoryItem.m */ = {isa = PBXFileReference; fileEncoding = 4; lastKnownFileType = sourcecode.c.objc; path = HistoryItem.m; sourceTree = "<group>"; };
		BDE75D77181CDDC400E2E9EF /* HistoryParameters.h */ = {isa = PBXFileReference; fileEncoding = 4; lastKnownFileType = sourcecode.c.h; path = HistoryParameters.h; sourceTree = "<group>"; };
		BDE75D78181CDDC400E2E9EF /* HistoryParameters.m */ = {isa = PBXFileReference; fileEncoding = 4; lastKnownFileType = sourcecode.c.objc; path = HistoryParameters.m; sourceTree = "<group>"; };
		BDE75D7A181CDFEC00E2E9EF /* HistoryList.h */ = {isa = PBXFileReference; fileEncoding = 4; lastKnownFileType = sourcecode.c.h; path = HistoryList.h; sourceTree = "<group>"; };
		BDE75D7B181CDFEC00E2E9EF /* HistoryList.m */ = {isa = PBXFileReference; fileEncoding = 4; lastKnownFileType = sourcecode.c.objc; path = HistoryList.m; sourceTree = "<group>"; };
		BDE75D7D181CE02B00E2E9EF /* HistoryTableCell.h */ = {isa = PBXFileReference; fileEncoding = 4; lastKnownFileType = sourcecode.c.h; path = HistoryTableCell.h; sourceTree = "<group>"; };
		BDE75D7E181CE02B00E2E9EF /* HistoryTableCell.m */ = {isa = PBXFileReference; fileEncoding = 4; lastKnownFileType = sourcecode.c.objc; path = HistoryTableCell.m; sourceTree = "<group>"; };
		BDE9F6D2181BFBF600CD5DF5 /* DoctorPush.app */ = {isa = PBXFileReference; explicitFileType = wrapper.application; includeInIndex = 0; path = DoctorPush.app; sourceTree = BUILT_PRODUCTS_DIR; };
		BDE9F6D5181BFBF600CD5DF5 /* Foundation.framework */ = {isa = PBXFileReference; lastKnownFileType = wrapper.framework; name = Foundation.framework; path = System/Library/Frameworks/Foundation.framework; sourceTree = SDKROOT; };
		BDE9F6D7181BFBF600CD5DF5 /* CoreGraphics.framework */ = {isa = PBXFileReference; lastKnownFileType = wrapper.framework; name = CoreGraphics.framework; path = System/Library/Frameworks/CoreGraphics.framework; sourceTree = SDKROOT; };
		BDE9F6D9181BFBF600CD5DF5 /* UIKit.framework */ = {isa = PBXFileReference; lastKnownFileType = wrapper.framework; name = UIKit.framework; path = System/Library/Frameworks/UIKit.framework; sourceTree = SDKROOT; };
		BDE9F6DD181BFBF600CD5DF5 /* DoctorPush-Info.plist */ = {isa = PBXFileReference; lastKnownFileType = text.plist.xml; path = "DoctorPush-Info.plist"; sourceTree = "<group>"; };
		BDE9F6DF181BFBF600CD5DF5 /* en */ = {isa = PBXFileReference; lastKnownFileType = text.plist.strings; name = en; path = en.lproj/InfoPlist.strings; sourceTree = "<group>"; };
		BDE9F6E1181BFBF600CD5DF5 /* main.m */ = {isa = PBXFileReference; lastKnownFileType = sourcecode.c.objc; path = main.m; sourceTree = "<group>"; };
		BDE9F6E3181BFBF600CD5DF5 /* DoctorPush-Prefix.pch */ = {isa = PBXFileReference; lastKnownFileType = sourcecode.c.h; path = "DoctorPush-Prefix.pch"; sourceTree = "<group>"; };
		BDE9F6E4181BFBF600CD5DF5 /* AppDelegate.h */ = {isa = PBXFileReference; lastKnownFileType = sourcecode.c.h; path = AppDelegate.h; sourceTree = "<group>"; };
		BDE9F6E5181BFBF600CD5DF5 /* AppDelegate.m */ = {isa = PBXFileReference; lastKnownFileType = sourcecode.c.objc; path = AppDelegate.m; sourceTree = "<group>"; };
		BDE9F6E8181BFBF600CD5DF5 /* Base */ = {isa = PBXFileReference; lastKnownFileType = file.storyboard; name = Base; path = Base.lproj/Main_iPhone.storyboard; sourceTree = "<group>"; };
		BDE9F6EB181BFBF600CD5DF5 /* Base */ = {isa = PBXFileReference; lastKnownFileType = file.storyboard; name = Base; path = Base.lproj/Main_iPad.storyboard; sourceTree = "<group>"; };
		BDE9F6ED181BFBF600CD5DF5 /* AppointmentsList.h */ = {isa = PBXFileReference; lastKnownFileType = sourcecode.c.h; path = AppointmentsList.h; sourceTree = "<group>"; };
		BDE9F6EE181BFBF600CD5DF5 /* AppointmentsList.m */ = {isa = PBXFileReference; lastKnownFileType = sourcecode.c.objc; path = AppointmentsList.m; sourceTree = "<group>"; };
		BDE9F6F3181BFBF600CD5DF5 /* Images.xcassets */ = {isa = PBXFileReference; lastKnownFileType = folder.assetcatalog; path = Images.xcassets; sourceTree = "<group>"; };
		BDE9F6F9181BFBF600CD5DF5 /* DoctorPushTests.xctest */ = {isa = PBXFileReference; explicitFileType = wrapper.cfbundle; includeInIndex = 0; path = DoctorPushTests.xctest; sourceTree = BUILT_PRODUCTS_DIR; };
		BDE9F6FA181BFBF600CD5DF5 /* XCTest.framework */ = {isa = PBXFileReference; lastKnownFileType = wrapper.framework; name = XCTest.framework; path = Library/Frameworks/XCTest.framework; sourceTree = DEVELOPER_DIR; };
		BDE9F702181BFBF600CD5DF5 /* DoctorPushTests-Info.plist */ = {isa = PBXFileReference; lastKnownFileType = text.plist.xml; path = "DoctorPushTests-Info.plist"; sourceTree = "<group>"; };
		BDE9F704181BFBF600CD5DF5 /* en */ = {isa = PBXFileReference; lastKnownFileType = text.plist.strings; name = en; path = en.lproj/InfoPlist.strings; sourceTree = "<group>"; };
		BDE9F706181BFBF600CD5DF5 /* DoctorPushTests.m */ = {isa = PBXFileReference; lastKnownFileType = sourcecode.c.objc; path = DoctorPushTests.m; sourceTree = "<group>"; };
/* End PBXFileReference section */

/* Begin PBXFrameworksBuildPhase section */
		BDE9F6CF181BFBF600CD5DF5 /* Frameworks */ = {
			isa = PBXFrameworksBuildPhase;
			buildActionMask = 2147483647;
			files = (
				BDE75D4C181C669C00E2E9EF /* CoreLocation.framework in Frameworks */,
				BD3DEF15181C19A6002EE040 /* MapKit.framework in Frameworks */,
				BDE75D1F181C33BB00E2E9EF /* libRestKit.a in Frameworks */,
				BDE75D18181C2EAF00E2E9EF /* libxml2.2.dylib in Frameworks */,
				BDE75D13181C2E7C00E2E9EF /* SystemConfiguration.framework in Frameworks */,
				BD9ABAF6181C2B5900C712CA /* CoreTelephony.framework in Frameworks */,
				BD3DEF20181C1AF5002EE040 /* MobileCoreServices.framework in Frameworks */,
				BD3DEF1E181C1AED002EE040 /* Security.framework in Frameworks */,
				BD3DEF1C181C1AE5002EE040 /* CFNetwork.framework in Frameworks */,
				BD3DEF17181C1A02002EE040 /* CoreData.framework in Frameworks */,
				BDE9F6D8181BFBF600CD5DF5 /* CoreGraphics.framework in Frameworks */,
				BDE9F6DA181BFBF600CD5DF5 /* UIKit.framework in Frameworks */,
				BDE9F6D6181BFBF600CD5DF5 /* Foundation.framework in Frameworks */,
			);
			runOnlyForDeploymentPostprocessing = 0;
		};
		BDE9F6F6181BFBF600CD5DF5 /* Frameworks */ = {
			isa = PBXFrameworksBuildPhase;
			buildActionMask = 2147483647;
			files = (
				BDE9F6FB181BFBF600CD5DF5 /* XCTest.framework in Frameworks */,
				BDE9F6FD181BFBF600CD5DF5 /* UIKit.framework in Frameworks */,
				BDE9F6FC181BFBF600CD5DF5 /* Foundation.framework in Frameworks */,
			);
			runOnlyForDeploymentPostprocessing = 0;
		};
/* End PBXFrameworksBuildPhase section */

/* Begin PBXGroup section */
		BD9ABADA181C206700C712CA /* Products */ = {
			isa = PBXGroup;
			children = (
				BD9ABAE1181C206700C712CA /* libRestKit.a */,
				BD9ABAE3181C206700C712CA /* RestKitTests.octest */,
				BD9ABAE5181C206700C712CA /* RestKit.framework */,
				BD9ABAE7181C206700C712CA /* RestKitFrameworkTests.octest */,
			);
			name = Products;
			sourceTree = "<group>";
		};
		BD9ABAF3181C247000C712CA /* ManagedObjects */ = {
			isa = PBXGroup;
			children = (
				BDE75D68181CA0C600E2E9EF /* AppointmentSettings.h */,
				BDE75D69181CA0C600E2E9EF /* AppointmentSettings.m */,
			);
			name = ManagedObjects;
			sourceTree = "<group>";
		};
		BDE75D2A181C57D900E2E9EF /* TableCells */ = {
			isa = PBXGroup;
			children = (
				BDE75D2B181C57EB00E2E9EF /* AppointmentCell.h */,
				BDE75D2C181C57EB00E2E9EF /* AppointmentCell.m */,
				BDE75D2D181C57EB00E2E9EF /* AppointmentCell.xib */,
				BDE75D70181CCF2D00E2E9EF /* AppointmentCellNext.xib */,
			);
			name = TableCells;
			sourceTree = "<group>";
		};
		BDE75D3B181C60C600E2E9EF /* BSForwardGeocoder */ = {
			isa = PBXGroup;
			children = (
				BDE75D3C181C60D600E2E9EF /* BSAddressComponent.h */,
				BDE75D3D181C60D600E2E9EF /* BSAddressComponent.m */,
				BDE75D3E181C60D600E2E9EF /* BSForwardGeocoder.h */,
				BDE75D3F181C60D600E2E9EF /* BSForwardGeocoder.m */,
				BDE75D40181C60D600E2E9EF /* BSGoogleV3KmlParser.h */,
				BDE75D41181C60D600E2E9EF /* BSGoogleV3KmlParser.m */,
				BDE75D42181C60D600E2E9EF /* BSKmlResult.h */,
				BDE75D43181C60D600E2E9EF /* BSKmlResult.m */,
			);
			name = BSForwardGeocoder;
			sourceTree = "<group>";
		};
		BDE75D5E181C8A0B00E2E9EF /* ProgressHUD */ = {
			isa = PBXGroup;
			children = (
				BDE75D5F181C8A1600E2E9EF /* ProgressHUD.bundle */,
				BDE75D60181C8A1600E2E9EF /* ProgressHUD.h */,
				BDE75D61181C8A1600E2E9EF /* ProgressHUD.m */,
			);
			name = ProgressHUD;
			sourceTree = "<group>";
		};
		BDE75D64181C9BF000E2E9EF /* FXBlurView */ = {
			isa = PBXGroup;
			children = (
				BDE75D65181C9C0000E2E9EF /* FXBlurView.h */,
				BDE75D66181C9C0000E2E9EF /* FXBlurView.m */,
			);
			name = FXBlurView;
			sourceTree = "<group>";
		};
		BDE9F6C9181BFBF600CD5DF5 = {
			isa = PBXGroup;
			children = (
				BDE75D72181CD9BD00E2E9EF /* Icon@2x.png */,
				BD9ABAEA181C217300C712CA /* DoctorPush.xcdatamodeld */,
				BDE9F6DB181BFBF600CD5DF5 /* DoctorPush */,
				BDE9F700181BFBF600CD5DF5 /* DoctorPushTests */,
				BDE9F6D4181BFBF600CD5DF5 /* Frameworks */,
				BDE9F6D3181BFBF600CD5DF5 /* Products */,
			);
			sourceTree = "<group>";
		};
		BDE9F6D3181BFBF600CD5DF5 /* Products */ = {
			isa = PBXGroup;
			children = (
				BDE9F6D2181BFBF600CD5DF5 /* DoctorPush.app */,
				BDE9F6F9181BFBF600CD5DF5 /* DoctorPushTests.xctest */,
			);
			name = Products;
			sourceTree = "<group>";
		};
		BDE9F6D4181BFBF600CD5DF5 /* Frameworks */ = {
			isa = PBXGroup;
			children = (
				BDE75D64181C9BF000E2E9EF /* FXBlurView */,
				BDE75D5E181C8A0B00E2E9EF /* ProgressHUD */,
				BDE75D4B181C669C00E2E9EF /* CoreLocation.framework */,
				BDE75D3B181C60C600E2E9EF /* BSForwardGeocoder */,
				BDE75D17181C2EAF00E2E9EF /* libxml2.2.dylib */,
				BDE75D12181C2E7C00E2E9EF /* SystemConfiguration.framework */,
				BD9ABAF5181C2B5800C712CA /* CoreTelephony.framework */,
				BD9ABAD9181C206700C712CA /* RestKit.xcodeproj */,
				BD3DEF1F181C1AF5002EE040 /* MobileCoreServices.framework */,
				BD3DEF1D181C1AED002EE040 /* Security.framework */,
				BD3DEF1B181C1AE5002EE040 /* CFNetwork.framework */,
				BD3DEF16181C1A02002EE040 /* CoreData.framework */,
				BD3DEF14181C19A6002EE040 /* MapKit.framework */,
				BDE9F6D5181BFBF600CD5DF5 /* Foundation.framework */,
				BDE9F6D7181BFBF600CD5DF5 /* CoreGraphics.framework */,
				BDE9F6D9181BFBF600CD5DF5 /* UIKit.framework */,
				BDE9F6FA181BFBF600CD5DF5 /* XCTest.framework */,
			);
			name = Frameworks;
			sourceTree = "<group>";
		};
		BDE9F6DB181BFBF600CD5DF5 /* DoctorPush */ = {
			isa = PBXGroup;
			children = (
				BDE75D2A181C57D900E2E9EF /* TableCells */,
				BD9ABAF3181C247000C712CA /* ManagedObjects */,
				BDE9F710181C099B00CD5DF5 /* Classes */,
				BDE9F6E4181BFBF600CD5DF5 /* AppDelegate.h */,
				BDE9F6E5181BFBF600CD5DF5 /* AppDelegate.m */,
				BDE9F6E7181BFBF600CD5DF5 /* Main_iPhone.storyboard */,
				BDE9F6EA181BFBF600CD5DF5 /* Main_iPad.storyboard */,
				BDE9F6ED181BFBF600CD5DF5 /* AppointmentsList.h */,
				BDE9F6EE181BFBF600CD5DF5 /* AppointmentsList.m */,
				BDE75D32181C5A8600E2E9EF /* AppointmentDetails.h */,
				BDE75D33181C5A8600E2E9EF /* AppointmentDetails.m */,
				BDE9F6F3181BFBF600CD5DF5 /* Images.xcassets */,
				BDE9F6DC181BFBF600CD5DF5 /* Supporting Files */,
				BDE75D6B181CB44D00E2E9EF /* TimerVC.h */,
				BDE75D6C181CB44D00E2E9EF /* TimerVC.m */,
				BDE75D6D181CB44D00E2E9EF /* TimerVC.xib */,
				BDE75D7A181CDFEC00E2E9EF /* HistoryList.h */,
				BDE75D7B181CDFEC00E2E9EF /* HistoryList.m */,
				BDE75D7D181CE02B00E2E9EF /* HistoryTableCell.h */,
				BDE75D7E181CE02B00E2E9EF /* HistoryTableCell.m */,
			);
			path = DoctorPush;
			sourceTree = "<group>";
		};
		BDE9F6DC181BFBF600CD5DF5 /* Supporting Files */ = {
			isa = PBXGroup;
			children = (
				BDE9F6DD181BFBF600CD5DF5 /* DoctorPush-Info.plist */,
				BDE9F6DE181BFBF600CD5DF5 /* InfoPlist.strings */,
				BDE9F6E1181BFBF600CD5DF5 /* main.m */,
				BDE9F6E3181BFBF600CD5DF5 /* DoctorPush-Prefix.pch */,
			);
			name = "Supporting Files";
			sourceTree = "<group>";
		};
		BDE9F700181BFBF600CD5DF5 /* DoctorPushTests */ = {
			isa = PBXGroup;
			children = (
				BDE9F706181BFBF600CD5DF5 /* DoctorPushTests.m */,
				BDE9F701181BFBF600CD5DF5 /* Supporting Files */,
			);
			path = DoctorPushTests;
			sourceTree = "<group>";
		};
		BDE9F701181BFBF600CD5DF5 /* Supporting Files */ = {
			isa = PBXGroup;
			children = (
				BDE9F702181BFBF600CD5DF5 /* DoctorPushTests-Info.plist */,
				BDE9F703181BFBF600CD5DF5 /* InfoPlist.strings */,
			);
			name = "Supporting Files";
			sourceTree = "<group>";
		};
		BDE9F710181C099B00CD5DF5 /* Classes */ = {
			isa = PBXGroup;
			children = (
				BD9ABAF0181C246C00C712CA /* Appointment.h */,
				BD9ABAF1181C246C00C712CA /* Appointment.m */,
				BD9ABAED181C246B00C712CA /* User.h */,
				BD9ABAEE181C246B00C712CA /* User.m */,
				BDE75D52181C822C00E2E9EF /* Medic.h */,
				BDE75D53181C822C00E2E9EF /* Medic.m */,
				BDE75D55181C848900E2E9EF /* Patient.h */,
				BDE75D56181C848900E2E9EF /* Patient.m */,
				BDE75D50181C6A7E00E2E9EF /* SynthesizeSingleton.h */,
				BDE75D48181C611B00E2E9EF /* CDCustomLocationManager.h */,
				BDE75D49181C611B00E2E9EF /* CDCustomLocationManager.m */,
				BDE75D35181C603500E2E9EF /* UCDLocationManager.h */,
				BDE75D36181C603500E2E9EF /* UCDLocationManager.m */,
				BD9ABAF7181C2BCC00C712CA /* Helper.h */,
				BD9ABAF8181C2BCC00C712CA /* Helper.m */,
				BDE75D74181CDBFF00E2E9EF /* HistoryItem.h */,
				BDE75D75181CDBFF00E2E9EF /* HistoryItem.m */,
				BDE75D77181CDDC400E2E9EF /* HistoryParameters.h */,
				BDE75D78181CDDC400E2E9EF /* HistoryParameters.m */,
			);
			name = Classes;
			sourceTree = "<group>";
		};
/* End PBXGroup section */

/* Begin PBXNativeTarget section */
		BDE9F6D1181BFBF600CD5DF5 /* DoctorPush */ = {
			isa = PBXNativeTarget;
			buildConfigurationList = BDE9F70A181BFBF600CD5DF5 /* Build configuration list for PBXNativeTarget "DoctorPush" */;
			buildPhases = (
				BDE9F6CE181BFBF600CD5DF5 /* Sources */,
				BDE9F6CF181BFBF600CD5DF5 /* Frameworks */,
				BDE9F6D0181BFBF600CD5DF5 /* Resources */,
			);
			buildRules = (
			);
			dependencies = (
			);
			name = DoctorPush;
			productName = DoctorPush;
			productReference = BDE9F6D2181BFBF600CD5DF5 /* DoctorPush.app */;
			productType = "com.apple.product-type.application";
		};
		BDE9F6F8181BFBF600CD5DF5 /* DoctorPushTests */ = {
			isa = PBXNativeTarget;
			buildConfigurationList = BDE9F70D181BFBF600CD5DF5 /* Build configuration list for PBXNativeTarget "DoctorPushTests" */;
			buildPhases = (
				BDE9F6F5181BFBF600CD5DF5 /* Sources */,
				BDE9F6F6181BFBF600CD5DF5 /* Frameworks */,
				BDE9F6F7181BFBF600CD5DF5 /* Resources */,
			);
			buildRules = (
			);
			dependencies = (
				BDE9F6FF181BFBF600CD5DF5 /* PBXTargetDependency */,
			);
			name = DoctorPushTests;
			productName = DoctorPushTests;
			productReference = BDE9F6F9181BFBF600CD5DF5 /* DoctorPushTests.xctest */;
			productType = "com.apple.product-type.bundle.unit-test";
		};
/* End PBXNativeTarget section */

/* Begin PBXProject section */
		BDE9F6CA181BFBF600CD5DF5 /* Project object */ = {
			isa = PBXProject;
			attributes = {
				CLASSPREFIX = "";
				LastUpgradeCheck = 0500;
				ORGANIZATIONNAME = "René (Privat)";
				TargetAttributes = {
					BDE9F6D1181BFBF600CD5DF5 = {
						DevelopmentTeam = Q23BMGZKSX;
						SystemCapabilities = {
							com.apple.iOS = {
								enabled = 1;
							};
						};
					};
					BDE9F6F8181BFBF600CD5DF5 = {
						TestTargetID = BDE9F6D1181BFBF600CD5DF5;
					};
				};
			};
			buildConfigurationList = BDE9F6CD181BFBF600CD5DF5 /* Build configuration list for PBXProject "DoctorPush" */;
			compatibilityVersion = "Xcode 3.2";
			developmentRegion = English;
			hasScannedForEncodings = 0;
			knownRegions = (
				en,
				Base,
			);
			mainGroup = BDE9F6C9181BFBF600CD5DF5;
			productRefGroup = BDE9F6D3181BFBF600CD5DF5 /* Products */;
			projectDirPath = "";
			projectReferences = (
				{
					ProductGroup = BD9ABADA181C206700C712CA /* Products */;
					ProjectRef = BD9ABAD9181C206700C712CA /* RestKit.xcodeproj */;
				},
			);
			projectRoot = "";
			targets = (
				BDE9F6D1181BFBF600CD5DF5 /* DoctorPush */,
				BDE9F6F8181BFBF600CD5DF5 /* DoctorPushTests */,
			);
		};
/* End PBXProject section */

/* Begin PBXReferenceProxy section */
		BD9ABAE1181C206700C712CA /* libRestKit.a */ = {
			isa = PBXReferenceProxy;
			fileType = archive.ar;
			path = libRestKit.a;
			remoteRef = BD9ABAE0181C206700C712CA /* PBXContainerItemProxy */;
			sourceTree = BUILT_PRODUCTS_DIR;
		};
		BD9ABAE3181C206700C712CA /* RestKitTests.octest */ = {
			isa = PBXReferenceProxy;
			fileType = wrapper.cfbundle;
			path = RestKitTests.octest;
			remoteRef = BD9ABAE2181C206700C712CA /* PBXContainerItemProxy */;
			sourceTree = BUILT_PRODUCTS_DIR;
		};
		BD9ABAE5181C206700C712CA /* RestKit.framework */ = {
			isa = PBXReferenceProxy;
			fileType = wrapper.framework;
			path = RestKit.framework;
			remoteRef = BD9ABAE4181C206700C712CA /* PBXContainerItemProxy */;
			sourceTree = BUILT_PRODUCTS_DIR;
		};
		BD9ABAE7181C206700C712CA /* RestKitFrameworkTests.octest */ = {
			isa = PBXReferenceProxy;
			fileType = wrapper.cfbundle;
			path = RestKitFrameworkTests.octest;
			remoteRef = BD9ABAE6181C206700C712CA /* PBXContainerItemProxy */;
			sourceTree = BUILT_PRODUCTS_DIR;
		};
/* End PBXReferenceProxy section */

/* Begin PBXResourcesBuildPhase section */
		BDE9F6D0181BFBF600CD5DF5 /* Resources */ = {
			isa = PBXResourcesBuildPhase;
			buildActionMask = 2147483647;
			files = (
				BDE75D2F181C57EB00E2E9EF /* AppointmentCell.xib in Resources */,
				BDE75D73181CD9BD00E2E9EF /* Icon@2x.png in Resources */,
				BDE9F6EC181BFBF600CD5DF5 /* Main_iPad.storyboard in Resources */,
				BDE75D6F181CB44D00E2E9EF /* TimerVC.xib in Resources */,
				BDE75D62181C8A1600E2E9EF /* ProgressHUD.bundle in Resources */,
				BDE9F6F4181BFBF600CD5DF5 /* Images.xcassets in Resources */,
				BDE9F6E9181BFBF600CD5DF5 /* Main_iPhone.storyboard in Resources */,
				BDE75D71181CCF2D00E2E9EF /* AppointmentCellNext.xib in Resources */,
				BDE9F6E0181BFBF600CD5DF5 /* InfoPlist.strings in Resources */,
			);
			runOnlyForDeploymentPostprocessing = 0;
		};
		BDE9F6F7181BFBF600CD5DF5 /* Resources */ = {
			isa = PBXResourcesBuildPhase;
			buildActionMask = 2147483647;
			files = (
				BDE9F705181BFBF600CD5DF5 /* InfoPlist.strings in Resources */,
			);
			runOnlyForDeploymentPostprocessing = 0;
		};
/* End PBXResourcesBuildPhase section */

/* Begin PBXSourcesBuildPhase section */
		BDE9F6CE181BFBF600CD5DF5 /* Sources */ = {
			isa = PBXSourcesBuildPhase;
			buildActionMask = 2147483647;
			files = (
				BDE75D4A181C611B00E2E9EF /* CDCustomLocationManager.m in Sources */,
				BDE75D47181C60D600E2E9EF /* BSKmlResult.m in Sources */,
				BDE9F6E2181BFBF600CD5DF5 /* main.m in Sources */,
				BDE75D57181C848900E2E9EF /* Patient.m in Sources */,
				BDE75D45181C60D600E2E9EF /* BSForwardGeocoder.m in Sources */,
				BDE75D2E181C57EB00E2E9EF /* AppointmentCell.m in Sources */,
				BDE75D7C181CDFEC00E2E9EF /* HistoryList.m in Sources */,
				BD9ABAEC181C217300C712CA /* DoctorPush.xcdatamodeld in Sources */,
				BDE75D6A181CA0C600E2E9EF /* AppointmentSettings.m in Sources */,
				BD9ABAF9181C2BCC00C712CA /* Helper.m in Sources */,
				BD9ABAF2181C246C00C712CA /* Appointment.m in Sources */,
				BDE75D7F181CE02B00E2E9EF /* HistoryTableCell.m in Sources */,
				BDE75D63181C8A1600E2E9EF /* ProgressHUD.m in Sources */,
				BD9ABAEF181C246B00C712CA /* User.m in Sources */,
				BDE75D54181C822C00E2E9EF /* Medic.m in Sources */,
				BDE75D79181CDDC400E2E9EF /* HistoryParameters.m in Sources */,
				BDE75D76181CDBFF00E2E9EF /* HistoryItem.m in Sources */,
				BDE9F6EF181BFBF600CD5DF5 /* AppointmentsList.m in Sources */,
				BDE9F6E6181BFBF600CD5DF5 /* AppDelegate.m in Sources */,
				BDE75D34181C5A8600E2E9EF /* AppointmentDetails.m in Sources */,
				BDE75D46181C60D600E2E9EF /* BSGoogleV3KmlParser.m in Sources */,
				BDE75D67181C9C0000E2E9EF /* FXBlurView.m in Sources */,
				BDE75D6E181CB44D00E2E9EF /* TimerVC.m in Sources */,
				BDE75D37181C603500E2E9EF /* UCDLocationManager.m in Sources */,
				BDE75D44181C60D600E2E9EF /* BSAddressComponent.m in Sources */,
			);
			runOnlyForDeploymentPostprocessing = 0;
		};
		BDE9F6F5181BFBF600CD5DF5 /* Sources */ = {
			isa = PBXSourcesBuildPhase;
			buildActionMask = 2147483647;
			files = (
				BDE9F707181BFBF600CD5DF5 /* DoctorPushTests.m in Sources */,
			);
			runOnlyForDeploymentPostprocessing = 0;
		};
/* End PBXSourcesBuildPhase section */

/* Begin PBXTargetDependency section */
		BDE9F6FF181BFBF600CD5DF5 /* PBXTargetDependency */ = {
			isa = PBXTargetDependency;
			target = BDE9F6D1181BFBF600CD5DF5 /* DoctorPush */;
			targetProxy = BDE9F6FE181BFBF600CD5DF5 /* PBXContainerItemProxy */;
		};
/* End PBXTargetDependency section */

/* Begin PBXVariantGroup section */
		BDE9F6DE181BFBF600CD5DF5 /* InfoPlist.strings */ = {
			isa = PBXVariantGroup;
			children = (
				BDE9F6DF181BFBF600CD5DF5 /* en */,
			);
			name = InfoPlist.strings;
			sourceTree = "<group>";
		};
		BDE9F6E7181BFBF600CD5DF5 /* Main_iPhone.storyboard */ = {
			isa = PBXVariantGroup;
			children = (
				BDE9F6E8181BFBF600CD5DF5 /* Base */,
			);
			name = Main_iPhone.storyboard;
			sourceTree = "<group>";
		};
		BDE9F6EA181BFBF600CD5DF5 /* Main_iPad.storyboard */ = {
			isa = PBXVariantGroup;
			children = (
				BDE9F6EB181BFBF600CD5DF5 /* Base */,
			);
			name = Main_iPad.storyboard;
			sourceTree = "<group>";
		};
		BDE9F703181BFBF600CD5DF5 /* InfoPlist.strings */ = {
			isa = PBXVariantGroup;
			children = (
				BDE9F704181BFBF600CD5DF5 /* en */,
			);
			name = InfoPlist.strings;
			sourceTree = "<group>";
		};
/* End PBXVariantGroup section */

/* Begin XCBuildConfiguration section */
		BDE9F708181BFBF600CD5DF5 /* Debug */ = {
			isa = XCBuildConfiguration;
			buildSettings = {
				ALWAYS_SEARCH_USER_PATHS = YES;
				ARCHS = "$(ARCHS_STANDARD)";
				CLANG_CXX_LANGUAGE_STANDARD = "gnu++0x";
				CLANG_CXX_LIBRARY = "libc++";
				CLANG_ENABLE_MODULES = YES;
				CLANG_ENABLE_OBJC_ARC = YES;
				CLANG_WARN_BOOL_CONVERSION = YES;
				CLANG_WARN_CONSTANT_CONVERSION = YES;
				CLANG_WARN_DIRECT_OBJC_ISA_USAGE = YES_ERROR;
				CLANG_WARN_EMPTY_BODY = YES;
				CLANG_WARN_ENUM_CONVERSION = YES;
				CLANG_WARN_INT_CONVERSION = YES;
				CLANG_WARN_OBJC_ROOT_CLASS = YES_ERROR;
				CLANG_WARN__DUPLICATE_METHOD_MATCH = YES;
				"CODE_SIGN_IDENTITY[sdk=iphoneos*]" = "iPhone Developer";
				COPY_PHASE_STRIP = NO;
				GCC_C_LANGUAGE_STANDARD = gnu99;
				GCC_DYNAMIC_NO_PIC = NO;
				GCC_OPTIMIZATION_LEVEL = 0;
				GCC_PREPROCESSOR_DEFINITIONS = (
					"DEBUG=1",
					"$(inherited)",
				);
				GCC_SYMBOLS_PRIVATE_EXTERN = NO;
				GCC_WARN_64_TO_32_BIT_CONVERSION = YES;
				GCC_WARN_ABOUT_RETURN_TYPE = YES_ERROR;
				GCC_WARN_UNDECLARED_SELECTOR = YES;
				GCC_WARN_UNINITIALIZED_AUTOS = YES;
				GCC_WARN_UNUSED_FUNCTION = YES;
				GCC_WARN_UNUSED_VARIABLE = YES;
				HEADER_SEARCH_PATHS = (
					"$(inherited)",
					/Applications/Xcode.app/Contents/Developer/Toolchains/XcodeDefault.xctoolchain/usr/include,
					"\"$(BUILT_PRODUCTS_DIR)/../../Headers\"",
				);
				IPHONEOS_DEPLOYMENT_TARGET = 7.0;
				ONLY_ACTIVE_ARCH = NO;
				SDKROOT = iphoneos;
				TARGETED_DEVICE_FAMILY = "1,2";
			};
			name = Debug;
		};
		BDE9F709181BFBF600CD5DF5 /* Release */ = {
			isa = XCBuildConfiguration;
			buildSettings = {
				ALWAYS_SEARCH_USER_PATHS = YES;
				ARCHS = "$(ARCHS_STANDARD)";
				CLANG_CXX_LANGUAGE_STANDARD = "gnu++0x";
				CLANG_CXX_LIBRARY = "libc++";
				CLANG_ENABLE_MODULES = YES;
				CLANG_ENABLE_OBJC_ARC = YES;
				CLANG_WARN_BOOL_CONVERSION = YES;
				CLANG_WARN_CONSTANT_CONVERSION = YES;
				CLANG_WARN_DIRECT_OBJC_ISA_USAGE = YES_ERROR;
				CLANG_WARN_EMPTY_BODY = YES;
				CLANG_WARN_ENUM_CONVERSION = YES;
				CLANG_WARN_INT_CONVERSION = YES;
				CLANG_WARN_OBJC_ROOT_CLASS = YES_ERROR;
				CLANG_WARN__DUPLICATE_METHOD_MATCH = YES;
				"CODE_SIGN_IDENTITY[sdk=iphoneos*]" = "iPhone Developer";
				COPY_PHASE_STRIP = YES;
				ENABLE_NS_ASSERTIONS = NO;
				GCC_C_LANGUAGE_STANDARD = gnu99;
				GCC_WARN_64_TO_32_BIT_CONVERSION = YES;
				GCC_WARN_ABOUT_RETURN_TYPE = YES_ERROR;
				GCC_WARN_UNDECLARED_SELECTOR = YES;
				GCC_WARN_UNINITIALIZED_AUTOS = YES;
				GCC_WARN_UNUSED_FUNCTION = YES;
				GCC_WARN_UNUSED_VARIABLE = YES;
				HEADER_SEARCH_PATHS = (
					"$(inherited)",
					/Applications/Xcode.app/Contents/Developer/Toolchains/XcodeDefault.xctoolchain/usr/include,
					"\"$(BUILT_PRODUCTS_DIR)/../../Headers\"",
				);
				IPHONEOS_DEPLOYMENT_TARGET = 7.0;
				SDKROOT = iphoneos;
				TARGETED_DEVICE_FAMILY = "1,2";
				VALIDATE_PRODUCT = YES;
			};
			name = Release;
		};
		BDE9F70B181BFBF600CD5DF5 /* Debug */ = {
			isa = XCBuildConfiguration;
			buildSettings = {
				ASSETCATALOG_COMPILER_APPICON_NAME = AppIcon;
				ASSETCATALOG_COMPILER_LAUNCHIMAGE_NAME = LaunchImage;
				CODE_SIGN_IDENTITY = "iPhone Developer: Rene Kann (W8XWNKCLBE)";
				"CODE_SIGN_IDENTITY[sdk=iphoneos*]" = "iPhone Developer: Rene Kann (W8XWNKCLBE)";
				GCC_PRECOMPILE_PREFIX_HEADER = YES;
				GCC_PREFIX_HEADER = "DoctorPush/DoctorPush-Prefix.pch";
				HEADER_SEARCH_PATHS = (
					"$(inherited)",
					/Applications/Xcode.app/Contents/Developer/Toolchains/XcodeDefault.xctoolchain/usr/include,
				);
				INFOPLIST_FILE = "DoctorPush/DoctorPush-Info.plist";
				OTHER_LDFLAGS = (
					"-all_load",
					"-ObjC",
				);
				PRODUCT_NAME = "$(TARGET_NAME)";
				PROVISIONING_PROFILE = "";
				WRAPPER_EXTENSION = app;
			};
			name = Debug;
		};
		BDE9F70C181BFBF600CD5DF5 /* Release */ = {
			isa = XCBuildConfiguration;
			buildSettings = {
				ASSETCATALOG_COMPILER_APPICON_NAME = AppIcon;
				ASSETCATALOG_COMPILER_LAUNCHIMAGE_NAME = LaunchImage;
				CODE_SIGN_IDENTITY = "iPhone Developer";
				"CODE_SIGN_IDENTITY[sdk=iphoneos*]" = "iPhone Developer";
				GCC_PRECOMPILE_PREFIX_HEADER = YES;
				GCC_PREFIX_HEADER = "DoctorPush/DoctorPush-Prefix.pch";
				HEADER_SEARCH_PATHS = (
					"$(inherited)",
					/Applications/Xcode.app/Contents/Developer/Toolchains/XcodeDefault.xctoolchain/usr/include,
				);
				INFOPLIST_FILE = "DoctorPush/DoctorPush-Info.plist";
				OTHER_LDFLAGS = (
					"-all_load",
					"-ObjC",
				);
				PRODUCT_NAME = "$(TARGET_NAME)";
				PROVISIONING_PROFILE = "";
				WRAPPER_EXTENSION = app;
			};
			name = Release;
		};
		BDE9F70E181BFBF600CD5DF5 /* Debug */ = {
			isa = XCBuildConfiguration;
			buildSettings = {
				ARCHS = "$(ARCHS_STANDARD_INCLUDING_64_BIT)";
				BUNDLE_LOADER = "$(BUILT_PRODUCTS_DIR)/DoctorPush.app/DoctorPush";
				FRAMEWORK_SEARCH_PATHS = (
					"$(SDKROOT)/Developer/Library/Frameworks",
					"$(inherited)",
					"$(DEVELOPER_FRAMEWORKS_DIR)",
				);
				GCC_PRECOMPILE_PREFIX_HEADER = YES;
				GCC_PREFIX_HEADER = "DoctorPush/DoctorPush-Prefix.pch";
				GCC_PREPROCESSOR_DEFINITIONS = (
					"DEBUG=1",
					"$(inherited)",
				);
				INFOPLIST_FILE = "DoctorPushTests/DoctorPushTests-Info.plist";
				PRODUCT_NAME = "$(TARGET_NAME)";
				TEST_HOST = "$(BUNDLE_LOADER)";
				WRAPPER_EXTENSION = xctest;
			};
			name = Debug;
		};
		BDE9F70F181BFBF600CD5DF5 /* Release */ = {
			isa = XCBuildConfiguration;
			buildSettings = {
				ARCHS = "$(ARCHS_STANDARD_INCLUDING_64_BIT)";
				BUNDLE_LOADER = "$(BUILT_PRODUCTS_DIR)/DoctorPush.app/DoctorPush";
				FRAMEWORK_SEARCH_PATHS = (
					"$(SDKROOT)/Developer/Library/Frameworks",
					"$(inherited)",
					"$(DEVELOPER_FRAMEWORKS_DIR)",
				);
				GCC_PRECOMPILE_PREFIX_HEADER = YES;
				GCC_PREFIX_HEADER = "DoctorPush/DoctorPush-Prefix.pch";
				INFOPLIST_FILE = "DoctorPushTests/DoctorPushTests-Info.plist";
				PRODUCT_NAME = "$(TARGET_NAME)";
				TEST_HOST = "$(BUNDLE_LOADER)";
				WRAPPER_EXTENSION = xctest;
			};
			name = Release;
		};
/* End XCBuildConfiguration section */

/* Begin XCConfigurationList section */
		BDE9F6CD181BFBF600CD5DF5 /* Build configuration list for PBXProject "DoctorPush" */ = {
			isa = XCConfigurationList;
			buildConfigurations = (
				BDE9F708181BFBF600CD5DF5 /* Debug */,
				BDE9F709181BFBF600CD5DF5 /* Release */,
			);
			defaultConfigurationIsVisible = 0;
			defaultConfigurationName = Release;
		};
		BDE9F70A181BFBF600CD5DF5 /* Build configuration list for PBXNativeTarget "DoctorPush" */ = {
			isa = XCConfigurationList;
			buildConfigurations = (
				BDE9F70B181BFBF600CD5DF5 /* Debug */,
				BDE9F70C181BFBF600CD5DF5 /* Release */,
			);
			defaultConfigurationIsVisible = 0;
			defaultConfigurationName = Release;
		};
		BDE9F70D181BFBF600CD5DF5 /* Build configuration list for PBXNativeTarget "DoctorPushTests" */ = {
			isa = XCConfigurationList;
			buildConfigurations = (
				BDE9F70E181BFBF600CD5DF5 /* Debug */,
				BDE9F70F181BFBF600CD5DF5 /* Release */,
			);
			defaultConfigurationIsVisible = 0;
			defaultConfigurationName = Release;
		};
/* End XCConfigurationList section */

/* Begin XCVersionGroup section */
		BD9ABAEA181C217300C712CA /* DoctorPush.xcdatamodeld */ = {
			isa = XCVersionGroup;
			children = (
				BD9ABAEB181C217300C712CA /* DoctorPush.xcdatamodel */,
			);
			currentVersion = BD9ABAEB181C217300C712CA /* DoctorPush.xcdatamodel */;
			path = DoctorPush.xcdatamodeld;
			sourceTree = "<group>";
			versionGroupType = wrapper.xcdatamodel;
		};
/* End XCVersionGroup section */
	};
	rootObject = BDE9F6CA181BFBF600CD5DF5 /* Project object */;
}
